
Microsoft Visual Studio Solution File, Format Version 12.00
# Visual Studio Version 17
VisualStudioVersion = 17.9.34728.123
MinimumVisualStudioVersion = 10.0.40219.1
Project("{FAE04EC0-301F-11D3-BF4B-00C04F79EFBC}") = "BookMVCYayin", "BookMVCYayin.csproj", "{60DCA925-279A-4CF7-8EA0-BCDEDF595567}"
EndProject
Global
	GlobalSection(SolutionConfigurationPlatforms) = preSolution
		Debug|Any CPU = Debug|Any CPU
		Release|Any CPU = Release|Any CPU
	EndGlobalSection
	GlobalSection(ProjectConfigurationPlatforms) = postSolution
		{60DCA925-279A-4CF7-8EA0-BCDEDF595567}.Debug|Any CPU.ActiveCfg = Debug|Any CPU
		{60DCA925-279A-4CF7-8EA0-BCDEDF595567}.Debug|Any CPU.Build.0 = Debug|Any CPU
		{60DCA925-279A-4CF7-8EA0-BCDEDF595567}.Release|Any CPU.ActiveCfg = Release|Any CPU
		{60DCA925-279A-4CF7-8EA0-BCDEDF595567}.Release|Any CPU.Build.0 = Release|Any CPU
	EndGlobalSection
	GlobalSection(SolutionProperties) = preSolution
		HideSolutionNode = FALSE
	EndGlobalSection
	GlobalSection(ExtensibilityGlobals) = postSolution
		SolutionGuid = {C2C0AB58-2827-497B-9DC5-8399825640EE}
	EndGlobalSection
EndGlobal
